{
  "name": "datamill",
  "version": "1.0.2",
  "lockfileVersion": 1,
  "requires": true,
  "dependencies": {
    "@uppy/fs-tail-stream": {
      "version": "1.2.0",
      "resolved": "https://registry.npmjs.org/@uppy/fs-tail-stream/-/fs-tail-stream-1.2.0.tgz",
      "integrity": "sha512-Yil6Z4phfYBHneLK5aimQ4AtVleorcTRuy0TzJrhFx4OEdbGUQ8haLQklQUOhaFJbaeu20VGishz/kLWzQiiTg==",
      "requires": {
        "once": "^1.4.0"
      }
    },
    "ansi-regex": {
      "version": "5.0.1",
      "resolved": "https://registry.npmjs.org/ansi-regex/-/ansi-regex-5.0.1.tgz",
      "integrity": "sha512-quJQXlTSUGL2LH9SUXo8VwsY4soanhgo6LNSm84E1LBcE8s3O0wpdiRzyR9z/ZZJMlMWv37qOOb9pdJlMUEKFQ=="
    },
    "argparse": {
      "version": "2.0.1",
      "resolved": "https://registry.npmjs.org/argparse/-/argparse-2.0.1.tgz",
      "integrity": "sha512-8+9WqebbFzpX9OR+Wa6O29asIogeRMzcGtAINdpMHHyAg10f05aSFVBbcEqGf/PXw1EjAZ+q2/bEBg3DvurK3Q=="
    },
    "async": {
      "version": "3.2.4",
      "resolved": "https://registry.npmjs.org/async/-/async-3.2.4.tgz",
      "integrity": "sha512-iAB+JbDEGXhyIUavoDl9WP/Jj106Kz9DEn1DPgYw5ruDn0e3Wgi3sKFm55sASdGBNOQB8F59d9qQ7deqrHA8wQ==",
      "dev": true
    },
    "balanced-match": {
      "version": "1.0.0",
      "resolved": "https://registry.npmjs.org/balanced-match/-/balanced-match-1.0.0.tgz",
      "integrity": "sha1-ibTRmasr7kneFk6gK4nORi1xt2c="
    },
    "base64-js": {
      "version": "1.5.1",
      "resolved": "https://registry.npmjs.org/base64-js/-/base64-js-1.5.1.tgz",
      "integrity": "sha512-AKpaYlHn8t4SVbOHCy+b5+KKgvR4vrsD8vbvrbiQJps7fKDTkjkDry6ji0rUJjC0kzbNePLwzxq8iypo41qeWA=="
    },
    "better-sqlite3": {
      "version": "7.5.3",
      "resolved": "https://registry.npmjs.org/better-sqlite3/-/better-sqlite3-7.5.3.tgz",
      "integrity": "sha512-tNIrDsThpWT8j1mg+svI1pqCYROqNOWMbB2qXVg+TJqH9UR5XnbAHyRsLZoJagldGTTqJPj/sUPVOkW0GRpYqw==",
      "requires": {
        "bindings": "^1.5.0",
        "prebuild-install": "^7.1.0"
      }
    },
    "bindings": {
      "version": "1.5.0",
      "resolved": "https://registry.npmjs.org/bindings/-/bindings-1.5.0.tgz",
      "integrity": "sha512-p2q/t/mhvuOj/UeLlV6566GD/guowlr0hHxClI0W9m7MWYkL1F0hLo+0Aexs9HSPCtR1SXQ0TD3MMKrXZajbiQ==",
      "requires": {
        "file-uri-to-path": "1.0.0"
      }
    },
    "bl": {
      "version": "4.1.0",
      "resolved": "https://registry.npmjs.org/bl/-/bl-4.1.0.tgz",
      "integrity": "sha512-1W07cM9gS6DcLperZfFSj+bWLtaPGSOHWhPiGzXmvVJbRLdG82sH/Kn8EtW1VqWVA54AKf2h5k5BbnIbwF3h6w==",
      "requires": {
        "buffer": "^5.5.0",
        "inherits": "^2.0.4",
        "readable-stream": "^3.4.0"
      }
    },
    "brace-expansion": {
      "version": "1.1.11",
      "resolved": "https://registry.npmjs.org/brace-expansion/-/brace-expansion-1.1.11.tgz",
      "integrity": "sha512-iCuPHDFgrHX7H2vEI/5xpz07zSHB00TpugqhmYtVmMO6518mCuRMoOYFldEBl0g187ufozdaHgWKcYFb61qGiA==",
      "requires": {
        "balanced-match": "^1.0.0",
        "concat-map": "0.0.1"
      }
    },
    "buffer": {
      "version": "5.7.1",
      "resolved": "https://registry.npmjs.org/buffer/-/buffer-5.7.1.tgz",
      "integrity": "sha512-EHcyIPBQ4BSGlvjB16k5KgAJ27CIsHY/2JBmCRReo48y9rQ3MaUzWX3KVlBa4U7MyX02HdVj0K7C3WaB3ju7FQ==",
      "requires": {
        "base64-js": "^1.3.1",
        "ieee754": "^1.1.13"
      }
    },
    "chownr": {
      "version": "1.1.4",
      "resolved": "https://registry.npmjs.org/chownr/-/chownr-1.1.4.tgz",
      "integrity": "sha512-jJ0bqzaylmJtVnNgzTeSOs8DPavpbYgEr/b0YL8/2GO3xJEhInFmhKMUnEJQjZumK7KXGFhUy89PrsJWlakBVg=="
    },
    "cnd": {
      "version": "9.2.1",
      "resolved": "https://registry.npmjs.org/cnd/-/cnd-9.2.1.tgz",
      "integrity": "sha512-JszZtSlOCxkIvNPKpw1PmIcQUjYO+pBqVoKVH2STHLtG4JHHJ1NHowv39lhyxzlPxUTZk7pZ3qO7CfrfJ8ZSKw=="
    },
    "color-convert": {
      "version": "2.0.1",
      "resolved": "https://registry.npmjs.org/color-convert/-/color-convert-2.0.1.tgz",
      "integrity": "sha512-RRECPsj7iu/xb5oKYcsFHSppFNnsj/52OVTRKb4zP5onXwVF3zVmmToNcOfGC+CRDpfK/U584fMg38ZHCaElKQ==",
      "requires": {
        "color-name": "~1.1.4"
      }
    },
    "color-name": {
      "version": "1.1.4",
      "resolved": "https://registry.npmjs.org/color-name/-/color-name-1.1.4.tgz",
      "integrity": "sha512-dOy+3AuW3a2wNbZHIuMZpTcgjGuLU/uBL/ubcZF9OXbDo8ff4O8yVp5Bf0efS8uEoYo5q4Fx7dY9OgQGXgAsQA=="
    },
    "concat-map": {
      "version": "0.0.1",
      "resolved": "https://registry.npmjs.org/concat-map/-/concat-map-0.0.1.tgz",
      "integrity": "sha1-2Klr13/Wjfd5OnMDajug1UBdR3s="
    },
    "cupofjoe": {
      "version": "0.2.1",
      "resolved": "https://registry.npmjs.org/cupofjoe/-/cupofjoe-0.2.1.tgz",
      "integrity": "sha512-kZHlb3DmPu2jV0rmZvqsGwI8OEy+VEyN+50bUFp95HrD1buun7G9BVpf286UiL+sNfjXEn4EdbAFHASkxibSHQ==",
      "requires": {
        "cnd": "9.2.1",
        "intertype": "7.6.5",
        "multimix": "5.0.0"
      },
      "dependencies": {
        "intertype": {
          "version": "7.6.5",
          "resolved": "https://registry.npmjs.org/intertype/-/intertype-7.6.5.tgz",
          "integrity": "sha512-763YK3ezLYy9FkX+cTTg/qwGHteqlaTMiec9a2sVAKm7kXp9e7QkzbyYS6u4CcbLxx12L8bcRbe3SFsPeaJCMA==",
          "requires": {
            "multimix": "^5.0.0"
          }
        }
      }
    },
    "datom": {
      "version": "8.0.3",
      "resolved": "https://registry.npmjs.org/datom/-/datom-8.0.3.tgz",
      "integrity": "sha512-brh+I+TIC89r891ekwWtzaO6zvQu/hgyEdfm3gs8WOF3jJ+nCpwnoF2/96jUZibaKCfFjxpqQbQu3K7/SkA64g==",
      "requires": {
        "cnd": "^9.2.1",
        "cupofjoe": "0.2.1",
        "emittery": "=0.6.0",
        "intertype": "7.6.5",
        "letsfreezethat": "^3.1.0",
        "multimix": "5.0.0"
      },
      "dependencies": {
        "intertype": {
          "version": "7.6.5",
          "resolved": "https://registry.npmjs.org/intertype/-/intertype-7.6.5.tgz",
          "integrity": "sha512-763YK3ezLYy9FkX+cTTg/qwGHteqlaTMiec9a2sVAKm7kXp9e7QkzbyYS6u4CcbLxx12L8bcRbe3SFsPeaJCMA==",
          "requires": {
            "multimix": "^5.0.0"
          }
        }
      }
    },
    "decompress-response": {
      "version": "6.0.0",
      "resolved": "https://registry.npmjs.org/decompress-response/-/decompress-response-6.0.0.tgz",
      "integrity": "sha512-aW35yZM6Bb/4oJlZncMH2LCoZtJXTRxES17vE3hoRiowU2kWHaJKFkSBDnDR+cm9J+9QhXmREyIfv0pji9ejCQ==",
      "requires": {
        "mimic-response": "^3.1.0"
      }
    },
    "deep-extend": {
      "version": "0.6.0",
      "resolved": "https://registry.npmjs.org/deep-extend/-/deep-extend-0.6.0.tgz",
      "integrity": "sha512-LOHxIOaPYdHlJRtCQfDIVZtfw/ufM8+rVj649RIHzcm/vGwQRXFt6OPqIFWsm2XEMrNIEtWR64sY1LEKD2vAOA=="
    },
    "detect-libc": {
      "version": "2.0.1",
      "resolved": "https://registry.npmjs.org/detect-libc/-/detect-libc-2.0.1.tgz",
      "integrity": "sha512-463v3ZeIrcWtdgIg6vI6XUncguvr2TnGl4SzDXinkt9mSLpBJKXT3mW6xT3VQdDN11+WVs29pgvivTc4Lp8v+w=="
    },
    "diff-match-patch": {
      "version": "1.0.5",
      "resolved": "https://registry.npmjs.org/diff-match-patch/-/diff-match-patch-1.0.5.tgz",
      "integrity": "sha512-IayShXAgj/QMXgB0IWmKx+rOPuGMhqm5w6jvFxmVenXKIzRqTAAsbBPT3kWQeGANj3jGgvcvv4yK6SxqYmikgw=="
    },
    "emittery": {
      "version": "0.6.0",
      "resolved": "https://registry.npmjs.org/emittery/-/emittery-0.6.0.tgz",
      "integrity": "sha512-6EMRGr9KzYWp8DzHFZsKVZBsMO6QhAeHMeHND8rhyBNCHKMLpgW9tZv40bwN3rAIKRS5CxcK8oLRKUJSB9h7yQ=="
    },
    "emoji-regex": {
      "version": "8.0.0",
      "resolved": "https://registry.npmjs.org/emoji-regex/-/emoji-regex-8.0.0.tgz",
      "integrity": "sha512-MSjYzcWNOA0ewAHpz0MxpYFvwg6yjy1NG3xteoqz644VCo/RPgnr1/GGt+ic3iJTzQ8Eu3TdM14SawnVUmGE6A=="
    },
    "end-of-stream": {
      "version": "1.4.4",
      "resolved": "https://registry.npmjs.org/end-of-stream/-/end-of-stream-1.4.4.tgz",
      "integrity": "sha512-+uw1inIHVPQoaVuHzRyXd21icM+cnt4CzD5rW+NC1wjOUSTOs+Te7FOv7AhN7vS9x/oIyhLP5PR1H+phQAHu5Q==",
      "requires": {
        "once": "^1.4.0"
      }
    },
    "entities": {
      "version": "2.1.0",
      "resolved": "https://registry.npmjs.org/entities/-/entities-2.1.0.tgz",
      "integrity": "sha512-hCx1oky9PFrJ611mf0ifBLBRW8lUUVRlFolb5gWRfIELabBlbp9xZvrqZLZAs+NxFnbfQoeGd8wDkygjg7U85w=="
    },
    "expand-template": {
      "version": "2.0.3",
      "resolved": "https://registry.npmjs.org/expand-template/-/expand-template-2.0.3.tgz",
      "integrity": "sha512-XYfuKMvj4O35f/pOXLObndIRvyQ+/+6AhODh+OKWj9S9498pHHn/IMszH+gt0fBCRWMNfk1ZSp5x3AifmnI2vg=="
    },
    "file-uri-to-path": {
      "version": "1.0.0",
      "resolved": "https://registry.npmjs.org/file-uri-to-path/-/file-uri-to-path-1.0.0.tgz",
      "integrity": "sha512-0Zt+s3L7Vf1biwWZ29aARiVYLx7iMGnEUl9x33fbB/j3jR81u/O2LbqK+Bm1CDSNDKVtJ/YjwY7TUd5SkeLQLw=="
    },
    "fs-constants": {
      "version": "1.0.0",
      "resolved": "https://registry.npmjs.org/fs-constants/-/fs-constants-1.0.0.tgz",
      "integrity": "sha512-y6OAwoSIf7FyjMIv94u+b5rdheZEjzR63GTyZJm5qh4Bi+2YgwLCcI/fPFZkL5PSixOt6ZNKm+w+Hfp/Bciwow=="
    },
    "fs.realpath": {
      "version": "1.0.0",
      "resolved": "https://registry.npmjs.org/fs.realpath/-/fs.realpath-1.0.0.tgz",
      "integrity": "sha1-FQStJSMVjKpA20onh8sBQRmU6k8="
    },
    "github-from-package": {
      "version": "0.0.0",
      "resolved": "https://registry.npmjs.org/github-from-package/-/github-from-package-0.0.0.tgz",
      "integrity": "sha512-SyHy3T1v2NUXn29OsWdxmK6RwHD+vkj3v8en8AOBZ1wBQ/hCAQ5bAQTD02kW4W9tUp/3Qh6J8r9EvntiyCmOOw=="
    },
    "glob": {
      "version": "7.1.6",
      "resolved": "https://registry.npmjs.org/glob/-/glob-7.1.6.tgz",
      "integrity": "sha512-LwaxwyZ72Lk7vZINtNNrywX0ZuLyStrdDtabefZKAY5ZGJhVtgdznluResxNmPitE0SAO+O26sWTHeKSI2wMBA==",
      "requires": {
        "fs.realpath": "^1.0.0",
        "inflight": "^1.0.4",
        "inherits": "2",
        "minimatch": "^3.0.4",
        "once": "^1.3.0",
        "path-is-absolute": "^1.0.0"
      }
    },
    "guy-test": {
      "version": "4.0.1",
      "resolved": "https://registry.npmjs.org/guy-test/-/guy-test-4.0.1.tgz",
      "integrity": "sha512-NH2ZCLVFCEGmTe2znmCuflSL8Uo1jTAXTSpYOkijstXFwonLtaScfmkVw5e2dL9GAcQ0GlPZRhdhySbhUCgVSg==",
      "dev": true,
      "requires": {
        "async": "^3.2.0",
        "cnd": "^9.0.0",
        "intertype": "^7.0.1"
      }
    },
    "hollerith-codec": {
      "version": "3.0.1",
      "resolved": "https://registry.npmjs.org/hollerith-codec/-/hollerith-codec-3.0.1.tgz",
      "integrity": "sha512-n5RohCykMVDvx/dPJdIb6z1NUfprkVAg8Q5nuPAFutJ92741aeNyWisK1GKs3bzxGGOxUsz8XwYK9vg/CglT6A==",
      "requires": {
        "cnd": "9.2.1",
        "intertype": "7.6.5"
      },
      "dependencies": {
        "intertype": {
          "version": "7.6.5",
          "resolved": "https://registry.npmjs.org/intertype/-/intertype-7.6.5.tgz",
          "integrity": "sha512-763YK3ezLYy9FkX+cTTg/qwGHteqlaTMiec9a2sVAKm7kXp9e7QkzbyYS6u4CcbLxx12L8bcRbe3SFsPeaJCMA==",
          "requires": {
            "multimix": "^5.0.0"
          }
        }
      }
    },
    "hyphenopoly": {
      "version": "4.12.0",
      "resolved": "https://registry.npmjs.org/hyphenopoly/-/hyphenopoly-4.12.0.tgz",
      "integrity": "sha512-2AbkggnLa42cZFQ+VncvZCw/oB4aGMrmW6yb7/HzZfaUk0XXjaU2/wttOhVf4/sleHwp03rpPCLO/3dHJlsreg=="
    },
    "icql": {
      "version": "5.2.1",
      "resolved": "https://registry.npmjs.org/icql/-/icql-5.2.1.tgz",
      "integrity": "sha512-9T4O7vzO96hCSo53its8iIO3QSQZ//tibDPHCL8164O0KMaN+RKDI5Sm5efQLmUYiMhrGZxLqMgRjUzl8TgR0Q==",
      "requires": {
        "better-sqlite3": "^7.0.1",
        "cnd": "9.2.1",
        "hollerith-codec": "3.0.1",
        "intercourse": "7.0.1",
        "intertype": "7.6.5",
        "ltsort": "1.3.0"
      },
      "dependencies": {
        "intertype": {
          "version": "7.6.5",
          "resolved": "https://registry.npmjs.org/intertype/-/intertype-7.6.5.tgz",
          "integrity": "sha512-763YK3ezLYy9FkX+cTTg/qwGHteqlaTMiec9a2sVAKm7kXp9e7QkzbyYS6u4CcbLxx12L8bcRbe3SFsPeaJCMA==",
          "requires": {
            "multimix": "^5.0.0"
          }
        }
      }
    },
    "ieee754": {
      "version": "1.2.1",
      "resolved": "https://registry.npmjs.org/ieee754/-/ieee754-1.2.1.tgz",
      "integrity": "sha512-dcyqhDvX1C46lXZcVqCpK+FtMRQVdIMN6/Df5js2zouUsqG7I6sFxitIC+7KYK29KdXOLHdu9zL4sFnoVQnqaA=="
    },
    "inflight": {
      "version": "1.0.6",
      "resolved": "https://registry.npmjs.org/inflight/-/inflight-1.0.6.tgz",
      "integrity": "sha1-Sb1jMdfQLQwJvJEKEHW6gWW1bfk=",
      "requires": {
        "once": "^1.3.0",
        "wrappy": "1"
      }
    },
    "inherits": {
      "version": "2.0.4",
      "resolved": "https://registry.npmjs.org/inherits/-/inherits-2.0.4.tgz",
      "integrity": "sha512-k/vGaX4/Yla3WzyMCvTQOXYeIHvqOKtnqBduzTHpzpQZzAskKMhZ2K+EnBiSM9zGSoIFeMpXKxa4dYeZIQqewQ=="
    },
    "ini": {
      "version": "1.3.8",
      "resolved": "https://registry.npmjs.org/ini/-/ini-1.3.8.tgz",
      "integrity": "sha512-JV/yugV2uzW5iMRSiZAyDtQd+nxtUnjeLt0acNdw98kKLrvuRVyB80tsREOE7yvGVgalhZ6RNXCmEHkUKBKxew=="
    },
    "intercourse": {
      "version": "7.0.1",
      "resolved": "https://registry.npmjs.org/intercourse/-/intercourse-7.0.1.tgz",
      "integrity": "sha512-aMsRD7+2tJZvBt90N4NS4FfFlhRIQo4TWK2CONtD6C7lLLU2/ICvCOsSKtz2nx4fp52idrzFQhhVpGeEksbBPw==",
      "requires": {
        "cnd": "9.2.1",
        "datom": "8.0.3",
        "intertype": "7.6.5",
        "steampipes": "^6.7.0"
      },
      "dependencies": {
        "intertype": {
          "version": "7.6.5",
          "resolved": "https://registry.npmjs.org/intertype/-/intertype-7.6.5.tgz",
          "integrity": "sha512-763YK3ezLYy9FkX+cTTg/qwGHteqlaTMiec9a2sVAKm7kXp9e7QkzbyYS6u4CcbLxx12L8bcRbe3SFsPeaJCMA==",
          "requires": {
            "multimix": "^5.0.0"
          }
        }
      }
    },
    "intertext": {
      "version": "5.0.0",
      "resolved": "https://registry.npmjs.org/intertext/-/intertext-5.0.0.tgz",
      "integrity": "sha512-jQ1xYECjEec1foAgdDa/tHcZlcbGW92WM5s6TP63i8ZNEiDyuVt0epD6uuQLM41nTqYCVmcsKcP08p+sSQScpw==",
      "requires": {
        "cnd": "^9.0.0",
        "color-convert": "^2.0.1",
        "cupofjoe": "^0.1.1",
        "datom": "^7.0.1",
        "diff-match-patch": "^1.0.5",
        "hyphenopoly": "^4.5.0",
        "intertype": "^7.0.2",
        "linebreak": "^1.0.2",
        "multimix": "^4.1.0",
        "steampipes": "^6.3.0",
        "term-size": "^2.2.0",
        "to-width": "^1.0.4"
      },
      "dependencies": {
        "cupofjoe": {
          "version": "0.1.1",
          "resolved": "https://registry.npmjs.org/cupofjoe/-/cupofjoe-0.1.1.tgz",
          "integrity": "sha512-lNapdhUmwN0y94FGYvGubow+ZznI/A8+AlETPRli5+N4WkSnCys9Md1MiG8ZFPhjpS5Z+/NYC8nWdu+sLOOd/Q==",
          "requires": {
            "cnd": "^9.0.0",
            "intertype": "^7.0.2",
            "multimix": "^4.0.0"
          }
        },
        "datom": {
          "version": "7.0.3",
          "resolved": "https://registry.npmjs.org/datom/-/datom-7.0.3.tgz",
          "integrity": "sha512-0t2/KrbaYkAzTCGexM8lS6dQkPuKjG2udpdRzrgWTHtOyK3TxWW1lGXfY18NK8SqZYCSJvjNPqKfGNfI4Msm2Q==",
          "requires": {
            "cnd": "^9.0.0",
            "cupofjoe": "^0.1.1",
            "emittery": "0.6.0",
            "intertype": "^7.0.2",
            "letsfreezethat": "^2.2.5",
            "multimix": "^4.1.0"
          }
        },
        "letsfreezethat": {
          "version": "2.2.5",
          "resolved": "https://registry.npmjs.org/letsfreezethat/-/letsfreezethat-2.2.5.tgz",
          "integrity": "sha512-w4XD73ki7rClXBft9OmvngG6abnE71h0BTMNCCXdmDGI3zYNIZYjG6/fOhRjz1crWc5ic/XGKdl6KkusftiKpA=="
        },
        "multimix": {
          "version": "4.1.0",
          "resolved": "https://registry.npmjs.org/multimix/-/multimix-4.1.0.tgz",
          "integrity": "sha512-GUV1SMXk7ZS/DiLHNYA6G43I+ORymTRvixCXBebR8kIFWy/1Syl7WmoI0dBvPzvs7goIK3VbCRO+EtIEP2R11w==",
          "requires": {
            "cnd": "^9.0.0"
          }
        }
      }
    },
    "intertext-splitlines": {
      "version": "1.2.1",
      "resolved": "https://registry.npmjs.org/intertext-splitlines/-/intertext-splitlines-1.2.1.tgz",
      "integrity": "sha512-bnIqoTOk8ie/jE3g4ec7h5ZdjpUNF+ynQ0/oTwn3I973vhCjMtnd9DCp/i1hxVMO55uqDgyYQ42f44Quzc6zXg==",
      "requires": {
        "cnd": "^9.2.1",
        "intertype": "7.6.5"
      },
      "dependencies": {
        "intertype": {
          "version": "7.6.5",
          "resolved": "https://registry.npmjs.org/intertype/-/intertype-7.6.5.tgz",
          "integrity": "sha512-763YK3ezLYy9FkX+cTTg/qwGHteqlaTMiec9a2sVAKm7kXp9e7QkzbyYS6u4CcbLxx12L8bcRbe3SFsPeaJCMA==",
          "requires": {
            "multimix": "^5.0.0"
          }
        }
      }
    },
    "intertype": {
      "version": "7.6.6",
      "resolved": "https://registry.npmjs.org/intertype/-/intertype-7.6.6.tgz",
      "integrity": "sha512-iqUMhx+WLwg9CwffvYbLDkM3CDiYSVGI3dPEe+uHtNp3ZheRgG2406DHckhfwaI4zW6OE1WnNAZyF6XbRlwUCA==",
      "requires": {
        "multimix": "^5.0.0"
      }
    },
    "is-fullwidth-code-point": {
      "version": "3.0.0",
      "resolved": "https://registry.npmjs.org/is-fullwidth-code-point/-/is-fullwidth-code-point-3.0.0.tgz",
      "integrity": "sha512-zymm5+u+sCsSWyD9qNaejV3DFvhCKclKdizYaJUuHA83RLjb7nSuGnddCHGv0hk+KY7BMAlsWeK4Ueg6EV6XQg=="
    },
    "jfee": {
      "version": "0.1.4",
      "resolved": "https://registry.npmjs.org/jfee/-/jfee-0.1.4.tgz",
      "integrity": "sha512-XM3NLlcQGunAXg2c4Os28LWzLjbnrQE7NMwc4q38hgsAbTMIKu1IXceEz4sVXp55fU4Q0c+8+5OgMWxRgnpFNw==",
      "requires": {
        "cnd": "^9.2.1",
        "intertype": "7.6.5"
      },
      "dependencies": {
        "intertype": {
          "version": "7.6.5",
          "resolved": "https://registry.npmjs.org/intertype/-/intertype-7.6.5.tgz",
          "integrity": "sha512-763YK3ezLYy9FkX+cTTg/qwGHteqlaTMiec9a2sVAKm7kXp9e7QkzbyYS6u4CcbLxx12L8bcRbe3SFsPeaJCMA==",
          "requires": {
            "multimix": "^5.0.0"
          }
        }
      }
    },
    "letsfreezethat": {
      "version": "3.1.0",
      "resolved": "https://registry.npmjs.org/letsfreezethat/-/letsfreezethat-3.1.0.tgz",
      "integrity": "sha512-jJ1nvvQi6unW0WifjNPMIb64Byom0EXzSKWFYA++EpyjK3qv1J2pqeSoEJ61tGJoNG0GoNjPoeLYhxW16riZaA=="
    },
    "linebreak": {
      "version": "1.1.0",
      "resolved": "https://registry.npmjs.org/linebreak/-/linebreak-1.1.0.tgz",
      "integrity": "sha512-MHp03UImeVhB7XZtjd0E4n6+3xr5Dq/9xI/5FptGk5FrbDR3zagPa2DS6U8ks/3HjbKWG9Q1M2ufOzxV2qLYSQ==",
      "requires": {
        "base64-js": "0.0.8",
        "unicode-trie": "^2.0.0"
      },
      "dependencies": {
        "base64-js": {
          "version": "0.0.8",
          "resolved": "https://registry.npmjs.org/base64-js/-/base64-js-0.0.8.tgz",
          "integrity": "sha512-3XSA2cR/h/73EzlXXdU6YNycmYI7+kicTxks4eJg2g39biHR84slg2+des+p7iHYhbRg/udIS4TD53WabcOUkw=="
        }
      }
    },
    "linkify-it": {
      "version": "3.0.3",
      "resolved": "https://registry.npmjs.org/linkify-it/-/linkify-it-3.0.3.tgz",
      "integrity": "sha512-ynTsyrFSdE5oZ/O9GEf00kPngmOfVwazR5GKDq6EYfhlpFug3J2zybX56a2PRRpc9P+FuSoGNAwjlbDs9jJBPQ==",
      "requires": {
        "uc.micro": "^1.0.1"
      }
    },
    "lru-cache": {
      "version": "6.0.0",
      "resolved": "https://registry.npmjs.org/lru-cache/-/lru-cache-6.0.0.tgz",
      "integrity": "sha512-Jo6dJ04CmSjuznwJSS3pUeWmd/H0ffTlkXXgwZi+eq1UCmqQwCh+eLsYOYCwY991i2Fah4h1BEMCx4qThGbsiA==",
      "requires": {
        "yallist": "^4.0.0"
      }
    },
    "ltsort": {
      "version": "1.3.0",
      "resolved": "https://registry.npmjs.org/ltsort/-/ltsort-1.3.0.tgz",
      "integrity": "sha512-2foOFVbFE+ZV7PWtRrfNoqV4s+hbDw/12h06Z1YsfSQmwhtQ4TuIy6NxjusH6L50aNSlthZaOrzWrzir8br/eQ==",
      "requires": {
        "cnd": "9.2.1",
        "intertype": "^7.6.3"
      }
    },
    "markdown-it": {
      "version": "12.0.4",
      "resolved": "https://registry.npmjs.org/markdown-it/-/markdown-it-12.0.4.tgz",
      "integrity": "sha512-34RwOXZT8kyuOJy25oJNJoulO8L0bTHYWXcdZBYZqFnjIy3NgjeoM3FmPXIOFQ26/lSHYMr8oc62B6adxXcb3Q==",
      "requires": {
        "argparse": "^2.0.1",
        "entities": "~2.1.0",
        "linkify-it": "^3.0.1",
        "mdurl": "^1.0.1",
        "uc.micro": "^1.0.5"
      }
    },
    "mdurl": {
      "version": "1.0.1",
      "resolved": "https://registry.npmjs.org/mdurl/-/mdurl-1.0.1.tgz",
      "integrity": "sha512-/sKlQJCBYVY9Ers9hqzKou4H6V5UWc/M59TH2dvkt+84itfnq7uFOMLpOiOS4ujvHP4etln18fmIxA5R5fll0g=="
    },
    "mimic-response": {
      "version": "3.1.0",
      "resolved": "https://registry.npmjs.org/mimic-response/-/mimic-response-3.1.0.tgz",
      "integrity": "sha512-z0yWI+4FDrrweS8Zmt4Ej5HdJmky15+L2e6Wgn3+iK5fWzb6T3fhNFq2+MeTRb064c6Wr4N/wv0DzQTjNzHNGQ=="
    },
    "minimatch": {
      "version": "3.0.4",
      "resolved": "https://registry.npmjs.org/minimatch/-/minimatch-3.0.4.tgz",
      "integrity": "sha512-yJHVQEhyqPLUTgt9B83PXu6W3rx4MvvHvSUvToogpwoGDOUQ+yDrR0HRot+yOCdCO7u4hX3pWft6kWBBcqh0UA==",
      "requires": {
        "brace-expansion": "^1.1.7"
      }
    },
    "minimist": {
      "version": "1.2.6",
      "resolved": "https://registry.npmjs.org/minimist/-/minimist-1.2.6.tgz",
      "integrity": "sha512-Jsjnk4bw3YJqYzbdyBiNsPWHPfO++UGG749Cxs6peCu5Xg4nrena6OVxOYxrQTqww0Jmwt+Ref8rggumkTLz9Q=="
    },
    "mkdirp": {
      "version": "1.0.4",
      "resolved": "https://registry.npmjs.org/mkdirp/-/mkdirp-1.0.4.tgz",
      "integrity": "sha512-vVqVZQyf3WLx2Shd0qJ9xuvqgAyKPLAiqITEtqW0oIUjzo3PePDd6fW9iFz30ef7Ysp/oiWqbhszeGWW2T6Gzw=="
    },
    "mkdirp-classic": {
      "version": "0.5.3",
      "resolved": "https://registry.npmjs.org/mkdirp-classic/-/mkdirp-classic-0.5.3.tgz",
      "integrity": "sha512-gKLcREMhtuZRwRAfqP3RFW+TK4JqApVBtOIftVgjuABpAtpxhPGaDcfvbhNvD0B8iD1oUr/txX35NjcaY6Ns/A=="
    },
    "mkts-mirage": {
      "version": "6.2.2",
      "resolved": "https://registry.npmjs.org/mkts-mirage/-/mkts-mirage-6.2.2.tgz",
      "integrity": "sha512-j1WAD0JUgIT5ptWvVUhKxjHhdavldq8Qw6Ob+ySvcZNZzRBhuxlWMF9gT89mrJ82AdeH6LRrMrlg7t2GqytXMA==",
      "requires": {
        "cnd": "9.2.1",
        "icql": "5.2.1",
        "intertype": "7.6.5",
        "mkdirp": "^1.0.4"
      },
      "dependencies": {
        "intertype": {
          "version": "7.6.5",
          "resolved": "https://registry.npmjs.org/intertype/-/intertype-7.6.5.tgz",
          "integrity": "sha512-763YK3ezLYy9FkX+cTTg/qwGHteqlaTMiec9a2sVAKm7kXp9e7QkzbyYS6u4CcbLxx12L8bcRbe3SFsPeaJCMA==",
          "requires": {
            "multimix": "^5.0.0"
          }
        }
      }
    },
    "multimix": {
      "version": "5.0.0",
      "resolved": "https://registry.npmjs.org/multimix/-/multimix-5.0.0.tgz",
      "integrity": "sha512-N9cdGSDDD7kxOV7R6e4iZqsHTZ4F4iiSDWqMcVqx4gEH6HBtRXav39Gj3fgT1YqvBcwPCQuf0Oa5R2cDaLWK8A=="
    },
    "napi-build-utils": {
      "version": "1.0.2",
      "resolved": "https://registry.npmjs.org/napi-build-utils/-/napi-build-utils-1.0.2.tgz",
      "integrity": "sha512-ONmRUqK7zj7DWX0D9ADe03wbwOBZxNAfF20PlGfCWQcD3+/MakShIHrMqx9YwPTfxDdF1zLeL+RGZiR9kGMLdg=="
    },
    "node-abi": {
      "version": "3.22.0",
      "resolved": "https://registry.npmjs.org/node-abi/-/node-abi-3.22.0.tgz",
      "integrity": "sha512-u4uAs/4Zzmp/jjsD9cyFYDXeISfUWaAVWshPmDZOFOv4Xl4SbzTXm53I04C2uRueYJ+0t5PEtLH/owbn2Npf/w==",
      "requires": {
        "semver": "^7.3.5"
      }
    },
    "once": {
      "version": "1.4.0",
      "resolved": "https://registry.npmjs.org/once/-/once-1.4.0.tgz",
      "integrity": "sha1-WDsap3WWHUsROsF9nFC6753Xa9E=",
      "requires": {
        "wrappy": "1"
      }
    },
    "pako": {
      "version": "0.2.9",
      "resolved": "https://registry.npmjs.org/pako/-/pako-0.2.9.tgz",
      "integrity": "sha512-NUcwaKxUxWrZLpDG+z/xZaCgQITkA/Dv4V/T6bw7VON6l1Xz/VnrBqrYjZQ12TamKHzITTfOEIYUj48y2KXImA=="
    },
    "path-is-absolute": {
      "version": "1.0.1",
      "resolved": "https://registry.npmjs.org/path-is-absolute/-/path-is-absolute-1.0.1.tgz",
      "integrity": "sha1-F0uSaHNVNP+8es5r9TpanhtcX18="
    },
    "prebuild-install": {
      "version": "7.1.1",
      "resolved": "https://registry.npmjs.org/prebuild-install/-/prebuild-install-7.1.1.tgz",
      "integrity": "sha512-jAXscXWMcCK8GgCoHOfIr0ODh5ai8mj63L2nWrjuAgXE6tDyYGnx4/8o/rCgU+B4JSyZBKbeZqzhtwtC3ovxjw==",
      "requires": {
        "detect-libc": "^2.0.0",
        "expand-template": "^2.0.3",
        "github-from-package": "0.0.0",
        "minimist": "^1.2.3",
        "mkdirp-classic": "^0.5.3",
        "napi-build-utils": "^1.0.1",
        "node-abi": "^3.3.0",
        "pump": "^3.0.0",
        "rc": "^1.2.7",
        "simple-get": "^4.0.0",
        "tar-fs": "^2.0.0",
        "tunnel-agent": "^0.6.0"
      }
    },
    "pump": {
      "version": "3.0.0",
      "resolved": "https://registry.npmjs.org/pump/-/pump-3.0.0.tgz",
      "integrity": "sha512-LwZy+p3SFs1Pytd/jYct4wpv49HiYCqd9Rlc5ZVdk0V+8Yzv6jR5Blk3TRmPL1ft69TxP0IMZGJ+WPFU2BFhww==",
      "requires": {
        "end-of-stream": "^1.1.0",
        "once": "^1.3.1"
      }
    },
    "rc": {
      "version": "1.2.8",
      "resolved": "https://registry.npmjs.org/rc/-/rc-1.2.8.tgz",
      "integrity": "sha512-y3bGgqKj3QBdxLbLkomlohkvsA8gdAiUQlSBJnBhfn+BPxg4bc62d8TcBW15wavDfgexCgccckhcZvywyQYPOw==",
      "requires": {
        "deep-extend": "^0.6.0",
        "ini": "~1.3.0",
        "minimist": "^1.2.0",
        "strip-json-comments": "~2.0.1"
      }
    },
    "readable-stream": {
      "version": "3.6.0",
      "resolved": "https://registry.npmjs.org/readable-stream/-/readable-stream-3.6.0.tgz",
      "integrity": "sha512-BViHy7LKeTz4oNnkcLJ+lVSL6vpiFeX6/d3oSH8zCW7UxP2onchk+vTGB143xuFjHS3deTgkKoXXymXqymiIdA==",
      "requires": {
        "inherits": "^2.0.3",
        "string_decoder": "^1.1.1",
        "util-deprecate": "^1.0.1"
      }
    },
    "safe-buffer": {
      "version": "5.2.1",
      "resolved": "https://registry.npmjs.org/safe-buffer/-/safe-buffer-5.2.1.tgz",
      "integrity": "sha512-rp3So07KcdmmKbGvgaNxQSJr7bGVSVk5S9Eq1F+ppbRo70+YeaDxkw5Dd8NPN+GD6bjnYm2VuPuCXmpuYvmCXQ=="
    },
    "semver": {
      "version": "7.3.7",
      "resolved": "https://registry.npmjs.org/semver/-/semver-7.3.7.tgz",
      "integrity": "sha512-QlYTucUYOews+WeEujDoEGziz4K6c47V/Bd+LjSSYcA94p+DmINdf7ncaUinThfvZyu13lN9OY1XDxt8C0Tw0g==",
      "requires": {
        "lru-cache": "^6.0.0"
      }
    },
    "simple-concat": {
      "version": "1.0.1",
      "resolved": "https://registry.npmjs.org/simple-concat/-/simple-concat-1.0.1.tgz",
      "integrity": "sha512-cSFtAPtRhljv69IK0hTVZQ+OfE9nePi/rtJmw5UjHeVyVroEqJXP1sFztKUy1qU+xvz3u/sfYJLa947b7nAN2Q=="
    },
    "simple-get": {
      "version": "4.0.1",
      "resolved": "https://registry.npmjs.org/simple-get/-/simple-get-4.0.1.tgz",
      "integrity": "sha512-brv7p5WgH0jmQJr1ZDDfKDOSeWWg+OVypG99A/5vYGPqJ6pxiaHLy8nxtFjBA7oMa01ebA9gfh1uMCFqOuXxvA==",
      "requires": {
        "decompress-response": "^6.0.0",
        "once": "^1.3.1",
        "simple-concat": "^1.0.0"
      }
    },
    "steampipes": {
      "version": "6.7.1",
      "resolved": "https://registry.npmjs.org/steampipes/-/steampipes-6.7.1.tgz",
      "integrity": "sha512-glgBCkjJr+0MeEiIc5UD4HMVIVNrGYYJ7QhylARTNksPTp59+HW/qIhPd/3xWEaHWjxkEsbM4zigCurmZifYrA==",
      "requires": {
        "@uppy/fs-tail-stream": "^1.2.0",
        "cnd": "^9.0.0",
        "datom": "8.0.3",
        "intertext-splitlines": "1.2.1",
        "intertype": "7.6.5",
        "jfee": "0.1.4",
        "multimix": "5.0.0",
        "timsort": "^0.3.0"
      },
      "dependencies": {
        "intertype": {
          "version": "7.6.5",
          "resolved": "https://registry.npmjs.org/intertype/-/intertype-7.6.5.tgz",
          "integrity": "sha512-763YK3ezLYy9FkX+cTTg/qwGHteqlaTMiec9a2sVAKm7kXp9e7QkzbyYS6u4CcbLxx12L8bcRbe3SFsPeaJCMA==",
          "requires": {
            "multimix": "^5.0.0"
          }
        }
      }
    },
    "string-width": {
      "version": "4.2.1",
      "resolved": "https://registry.npmjs.org/string-width/-/string-width-4.2.1.tgz",
      "integrity": "sha512-LL0OLyN6AnfV9xqGQpDBwedT2Rt63737LxvsRxbcwpa2aIeynBApG2Sm//F3TaLHIR1aJBN52DWklc06b94o5Q==",
      "requires": {
        "emoji-regex": "^8.0.0",
        "is-fullwidth-code-point": "^3.0.0",
        "strip-ansi": "^6.0.0"
      }
    },
    "string_decoder": {
      "version": "1.3.0",
      "resolved": "https://registry.npmjs.org/string_decoder/-/string_decoder-1.3.0.tgz",
      "integrity": "sha512-hkRX8U1WjJFd8LsDJ2yQ/wWWxaopEsABU1XfkM8A+j0+85JAGppt16cr1Whg6KIbb4okU6Mql6BOj+uup/wKeA==",
      "requires": {
        "safe-buffer": "~5.2.0"
      }
    },
    "strip-ansi": {
      "version": "6.0.1",
      "resolved": "https://registry.npmjs.org/strip-ansi/-/strip-ansi-6.0.1.tgz",
      "integrity": "sha512-Y38VPSHcqkFrCpFnQ9vuSXmquuv5oXOKpGeT6aGrr3o3Gc9AlVa6JBfUSOCnbxGGZF+/0ooI7KrPuUSztUdU5A==",
      "requires": {
        "ansi-regex": "^5.0.1"
      }
    },
    "strip-json-comments": {
      "version": "2.0.1",
      "resolved": "https://registry.npmjs.org/strip-json-comments/-/strip-json-comments-2.0.1.tgz",
      "integrity": "sha512-4gB8na07fecVVkOI6Rs4e7T6NOTki5EmL7TUduTs6bu3EdnSycntVJ4re8kgZA+wx9IueI2Y11bfbgwtzuE0KQ=="
    },
    "tar-fs": {
      "version": "2.1.1",
      "resolved": "https://registry.npmjs.org/tar-fs/-/tar-fs-2.1.1.tgz",
      "integrity": "sha512-V0r2Y9scmbDRLCNex/+hYzvp/zyYjvFbHPNgVTKfQvVrb6guiE/fxP+XblDNR011utopbkex2nM4dHNV6GDsng==",
      "requires": {
        "chownr": "^1.1.1",
        "mkdirp-classic": "^0.5.2",
        "pump": "^3.0.0",
        "tar-stream": "^2.1.4"
      }
    },
    "tar-stream": {
      "version": "2.2.0",
      "resolved": "https://registry.npmjs.org/tar-stream/-/tar-stream-2.2.0.tgz",
      "integrity": "sha512-ujeqbceABgwMZxEJnk2HDY2DlnUZ+9oEcb1KzTVfYHio0UE6dG71n60d8D2I4qNvleWrrXpmjpt7vZeF1LnMZQ==",
      "requires": {
        "bl": "^4.0.3",
        "end-of-stream": "^1.4.1",
        "fs-constants": "^1.0.0",
        "inherits": "^2.0.3",
        "readable-stream": "^3.1.1"
      }
    },
    "term-size": {
      "version": "2.2.1",
      "resolved": "https://registry.npmjs.org/term-size/-/term-size-2.2.1.tgz",
      "integrity": "sha512-wK0Ri4fOGjv/XPy8SBHZChl8CM7uMc5VML7SqiQ0zG7+J5Vr+RMQDoHa2CNT6KHUnTGIXH34UDMkPzAUyapBZg=="
    },
    "timetunnel": {
      "version": "1.1.1",
      "resolved": "https://registry.npmjs.org/timetunnel/-/timetunnel-1.1.1.tgz",
      "integrity": "sha512-c8QMxTfNDawaQzrA6U2MIheqK/r3GkvNsnEiCQvLSddSfanynYRvRvViioIL6XTsIOWJrdL+ZoyGPx9GgUjgQA==",
      "requires": {
        "cnd": "9.2.1",
        "intertype": "7.6.5",
        "multimix": "5.0.0"
      },
      "dependencies": {
        "intertype": {
          "version": "7.6.5",
          "resolved": "https://registry.npmjs.org/intertype/-/intertype-7.6.5.tgz",
          "integrity": "sha512-763YK3ezLYy9FkX+cTTg/qwGHteqlaTMiec9a2sVAKm7kXp9e7QkzbyYS6u4CcbLxx12L8bcRbe3SFsPeaJCMA==",
          "requires": {
            "multimix": "^5.0.0"
          }
        }
      }
    },
    "timsort": {
      "version": "0.3.0",
      "resolved": "https://registry.npmjs.org/timsort/-/timsort-0.3.0.tgz",
      "integrity": "sha512-qsdtZH+vMoCARQtyod4imc2nIJwg9Cc7lPRrw9CzF8ZKR0khdr8+2nX80PBhET3tcyTtJDxAffGh2rXH4tyU8A=="
    },
    "tiny-inflate": {
      "version": "1.0.3",
      "resolved": "https://registry.npmjs.org/tiny-inflate/-/tiny-inflate-1.0.3.tgz",
      "integrity": "sha512-pkY1fj1cKHb2seWDy0B16HeWyczlJA9/WW3u3c4z/NiWDsO3DOU5D7nhTLE9CF0yXv/QZFY7sEJmj24dK+Rrqw=="
    },
    "to-width": {
      "version": "1.1.0",
      "resolved": "https://registry.npmjs.org/to-width/-/to-width-1.1.0.tgz",
      "integrity": "sha512-zN1F5YSsKkI8MW+JGOE3neo3SVGUODZhMqjiEV7a2LSaAFjUkN1hcsv7Y+PJSayxAJ6ZmppfQZc4TuOAW8wIwg==",
      "requires": {
        "cnd": "9.2.1",
        "string-width": "4.2.1",
        "wcstring": "^2.1.1"
      }
    },
    "tunnel-agent": {
      "version": "0.6.0",
      "resolved": "https://registry.npmjs.org/tunnel-agent/-/tunnel-agent-0.6.0.tgz",
      "integrity": "sha512-McnNiV1l8RYeY8tBgEpuodCC1mLUdbSN+CYBL7kJsJNInOP8UjDDEwdk6Mw60vdLLrr5NHKZhMAOSrR2NZuQ+w==",
      "requires": {
        "safe-buffer": "^5.0.1"
      }
    },
    "uc.micro": {
      "version": "1.0.6",
      "resolved": "https://registry.npmjs.org/uc.micro/-/uc.micro-1.0.6.tgz",
      "integrity": "sha512-8Y75pvTYkLJW2hWQHXxoqRgV7qb9B+9vFEtidML+7koHUFapnVJAZ6cKs+Qjz5Aw3aZWHMC6u0wJE3At+nSGwA=="
    },
    "unicode-trie": {
      "version": "2.0.0",
      "resolved": "https://registry.npmjs.org/unicode-trie/-/unicode-trie-2.0.0.tgz",
      "integrity": "sha512-x7bc76x0bm4prf1VLg79uhAzKw8DVboClSN5VxJuQ+LKDOVEW9CdH+VY7SP+vX7xCYQqzzgQpFqz15zeLvAtZQ==",
      "requires": {
        "pako": "^0.2.5",
        "tiny-inflate": "^1.0.0"
      }
    },
    "util-deprecate": {
      "version": "1.0.2",
      "resolved": "https://registry.npmjs.org/util-deprecate/-/util-deprecate-1.0.2.tgz",
      "integrity": "sha512-EPD5q1uXyFxJpCrLnCc1nHnq3gOa6DZBocAIiI2TaSCA7VCJ1UJDMagCzIkXNsUYfD1daK//LTEQ8xiIbrHtcw=="
    },
    "varsize-string": {
      "version": "2.2.2",
      "resolved": "https://registry.npmjs.org/varsize-string/-/varsize-string-2.2.2.tgz",
      "integrity": "sha512-Wuq8/cNzDSWYYQ1KlTk6IyGrRJOMU1YX21RSgEl3psbAGdExTBOIDWd80Z1n74A/24kStNT9QgylJHVjqgRpsQ=="
    },
    "wcsize": {
      "version": "1.0.0",
      "resolved": "https://registry.npmjs.org/wcsize/-/wcsize-1.0.0.tgz",
      "integrity": "sha512-80ziCk3Z+iLfhgAbMBMU+PjoSFi9dg0FIKYd9xRiF15wfwJlzxu1mdIUdIv9iE1gpkX/4hV2QBbkNlydXgEFMA=="
    },
    "wcstring": {
      "version": "2.1.1",
      "resolved": "https://registry.npmjs.org/wcstring/-/wcstring-2.1.1.tgz",
      "integrity": "sha512-81yoFUY/2Fw4RFzIkrlC47g7023/XkKofj62CNFT1kdZn6z7o2xhz8ffR7Wat76SuJTmrFNLmGDd7FLaZsIo5A==",
      "requires": {
        "varsize-string": "^2.2.1",
        "wcsize": "^1.0.0"
      }
    },
    "wrappy": {
      "version": "1.0.2",
      "resolved": "https://registry.npmjs.org/wrappy/-/wrappy-1.0.2.tgz",
      "integrity": "sha1-tSQ9jz7BqjXxNkYFvA0QNuMKtp8="
    },
    "yallist": {
      "version": "4.0.0",
      "resolved": "https://registry.npmjs.org/yallist/-/yallist-4.0.0.tgz",
      "integrity": "sha512-3wdGidZyq5PB084XLES5TpOSRA3wjXAlIWMhum2kRcv/41Sn2emQ0dycQW4uZXLejwKvg6EsvbdlVL+FYEct7A=="
    }
  }
}
